{
    "_readme": [
        "This file locks the dependencies of your project to a known state",
        "Read more about it at https://getcomposer.org/doc/01-basic-usage.md#composer-lock-the-lock-file",
        "This file is @generated automatically"
    ],
    "hash": "8cadd674c5ce3c48bfcc7bacfd9067e3",
    "content-hash": "336b9ad322cc2c618b8d3c242a67d7e4",
    "packages": [
        {
            "name": "cogpowered/finediff",
            "version": "0.3.1",
            "source": {
                "type": "git",
                "url": "https://github.com/cogpowered/FineDiff.git",
                "reference": "339ddc8c3afb656efed4f2f0a80e5c3d026f8ea8"
            },
            "dist": {
                "type": "zip",
                "url": "https://api.github.com/repos/cogpowered/FineDiff/zipball/339ddc8c3afb656efed4f2f0a80e5c3d026f8ea8",
                "reference": "339ddc8c3afb656efed4f2f0a80e5c3d026f8ea8",
                "shasum": ""
            },
            "require": {
                "php": ">=5.3.0"
            },
            "require-dev": {
                "mockery/mockery": "*",
                "phpunit/phpunit": "*"
            },
            "type": "library",
            "autoload": {
                "psr-0": {
                    "cogpowered\\FineDiff": "src/"
                }
            },
            "notification-url": "https://packagist.org/downloads/",
            "license": [
                "MIT"
            ],
            "authors": [
                {
                    "name": "Rob Crowe",
                    "email": "rob@cogpowered.com"
                },
                {
                    "name": "Raymond Hill"
                }
            ],
            "description": "PHP implementation of a Fine granularity Diff engine",
            "homepage": "https://github.com/cogpowered/FineDiff",
            "keywords": [
                "diff",
                "finediff",
                "opcode",
                "string",
                "text"
            ],
            "time": "2014-05-19 10:25:02"
        },
        {
            "name": "elasticsearch/elasticsearch",
            "version": "v5.0.0",
            "source": {
                "type": "git",
                "url": "https://github.com/elastic/elasticsearch-php.git",
                "reference": "30be1c0367c865eec5ca0a9c09ce293869da7665"
            },
            "dist": {
                "type": "zip",
                "url": "https://api.github.com/repos/elastic/elasticsearch-php/zipball/30be1c0367c865eec5ca0a9c09ce293869da7665",
                "reference": "30be1c0367c865eec5ca0a9c09ce293869da7665",
                "shasum": ""
            },
            "require": {
                "guzzlehttp/ringphp": "~1.0",
                "php": "^5.6.6|^7.0",
                "psr/log": "~1.0"
            },
            "require-dev": {
                "cpliakas/git-wrapper": "~1.0",
                "doctrine/inflector": "^1.1",
                "mockery/mockery": "0.9.4",
                "phpunit/phpunit": "^4.7|^5.4",
                "sami/sami": "~3.2",
                "symfony/finder": "^2.8",
                "symfony/yaml": "^2.8"
            },
            "suggest": {
                "ext-curl": "*",
                "monolog/monolog": "Allows for client-level logging and tracing"
            },
            "type": "library",
            "autoload": {
                "psr-4": {
                    "Elasticsearch\\": "src/Elasticsearch/"
                }
            },
            "notification-url": "https://packagist.org/downloads/",
            "license": [
                "Apache-2.0"
            ],
            "authors": [
                {
                    "name": "Zachary Tong"
                }
            ],
            "description": "PHP Client for Elasticsearch",
            "keywords": [
                "client",
                "elasticsearch",
                "search"
            ],
            "time": "2016-10-26 14:35:32"
        },
        {
            "name": "ezyang/htmlpurifier",
            "version": "v4.8.0",
            "source": {
                "type": "git",
                "url": "https://github.com/ezyang/htmlpurifier.git",
                "reference": "d0c392f77d2f2a3dcf7fcb79e2a1e2b8804e75b2"
            },
            "dist": {
                "type": "zip",
                "url": "https://api.github.com/repos/ezyang/htmlpurifier/zipball/d0c392f77d2f2a3dcf7fcb79e2a1e2b8804e75b2",
                "reference": "d0c392f77d2f2a3dcf7fcb79e2a1e2b8804e75b2",
                "shasum": ""
            },
            "require": {
                "php": ">=5.2"
            },
            "type": "library",
            "autoload": {
                "psr-0": {
                    "HTMLPurifier": "library/"
                },
                "files": [
                    "library/HTMLPurifier.composer.php"
                ]
            },
            "notification-url": "https://packagist.org/downloads/",
            "license": [
                "LGPL"
            ],
            "authors": [
                {
                    "name": "Edward Z. Yang",
                    "email": "admin@htmlpurifier.org",
                    "homepage": "http://ezyang.com"
                }
            ],
            "description": "Standards compliant HTML filter written in PHP",
            "homepage": "http://htmlpurifier.org/",
            "keywords": [
                "html"
            ],
            "time": "2016-07-16 12:58:58"
        },
        {
            "name": "fightbulc/moment",
            "version": "1.25.1",
            "source": {
                "type": "git",
                "url": "https://github.com/fightbulc/moment.php.git",
                "reference": "5d03aacf18f423895f96dce9e4a2db281c4154a4"
            },
            "dist": {
                "type": "zip",
                "url": "https://api.github.com/repos/fightbulc/moment.php/zipball/5d03aacf18f423895f96dce9e4a2db281c4154a4",
                "reference": "5d03aacf18f423895f96dce9e4a2db281c4154a4",
                "shasum": ""
            },
            "require": {
                "php": ">=5.3.0"
            },
            "require-dev": {
                "phpunit/phpunit": "4.2.*"
            },
            "type": "library",
            "autoload": {
                "psr-4": {
                    "Moment\\": "src/"
                }
            },
            "notification-url": "https://packagist.org/downloads/",
            "license": [
                "MIT"
            ],
            "authors": [
                {
                    "name": "Ashish Tilara",
                    "email": "ashish@itcutives.com",
                    "role": "developer"
                },
                {
                    "name": "Jaroslaw Kozak",
                    "email": "jaroslaw.kozak68@gmail.com",
                    "role": "developer"
                },
                {
                    "name": "Tino Ehrich",
                    "email": "tino@bigpun.me",
                    "role": "developer"
                }
            ],
            "description": "Parse, validate, manipulate, and display dates in PHP w/ i18n support. Inspired by moment.js",
            "keywords": [
                "date",
                "display",
                "format",
                "i18n",
                "locale",
                "manipulate",
                "moment",
                "parse",
                "time",
                "translation",
                "validate"
            ],
            "time": "2016-12-05 09:33:57"
        },
        {
            "name": "guzzlehttp/ringphp",
            "version": "1.1.0",
            "source": {
                "type": "git",
                "url": "https://github.com/guzzle/RingPHP.git",
                "reference": "dbbb91d7f6c191e5e405e900e3102ac7f261bc0b"
            },
            "dist": {
                "type": "zip",
                "url": "https://api.github.com/repos/guzzle/RingPHP/zipball/dbbb91d7f6c191e5e405e900e3102ac7f261bc0b",
                "reference": "dbbb91d7f6c191e5e405e900e3102ac7f261bc0b",
                "shasum": ""
            },
            "require": {
                "guzzlehttp/streams": "~3.0",
                "php": ">=5.4.0",
                "react/promise": "~2.0"
            },
            "require-dev": {
                "ext-curl": "*",
                "phpunit/phpunit": "~4.0"
            },
            "suggest": {
                "ext-curl": "Guzzle will use specific adapters if cURL is present"
            },
            "type": "library",
            "extra": {
                "branch-alias": {
                    "dev-master": "1.1-dev"
                }
            },
            "autoload": {
                "psr-4": {
                    "GuzzleHttp\\Ring\\": "src/"
                }
            },
            "notification-url": "https://packagist.org/downloads/",
            "license": [
                "MIT"
            ],
            "authors": [
                {
                    "name": "Michael Dowling",
                    "email": "mtdowling@gmail.com",
                    "homepage": "https://github.com/mtdowling"
                }
            ],
            "description": "Provides a simple API and specification that abstracts away the details of HTTP into a single PHP function.",
            "time": "2015-05-20 03:37:09"
        },
        {
            "name": "guzzlehttp/streams",
            "version": "3.0.0",
            "source": {
                "type": "git",
                "url": "https://github.com/guzzle/streams.git",
                "reference": "47aaa48e27dae43d39fc1cea0ccf0d84ac1a2ba5"
            },
            "dist": {
                "type": "zip",
                "url": "https://api.github.com/repos/guzzle/streams/zipball/47aaa48e27dae43d39fc1cea0ccf0d84ac1a2ba5",
                "reference": "47aaa48e27dae43d39fc1cea0ccf0d84ac1a2ba5",
                "shasum": ""
            },
            "require": {
                "php": ">=5.4.0"
            },
            "require-dev": {
                "phpunit/phpunit": "~4.0"
            },
            "type": "library",
            "extra": {
                "branch-alias": {
                    "dev-master": "3.0-dev"
                }
            },
            "autoload": {
                "psr-4": {
                    "GuzzleHttp\\Stream\\": "src/"
                }
            },
            "notification-url": "https://packagist.org/downloads/",
            "license": [
                "MIT"
            ],
            "authors": [
                {
                    "name": "Michael Dowling",
                    "email": "mtdowling@gmail.com",
                    "homepage": "https://github.com/mtdowling"
                }
            ],
            "description": "Provides a simple abstraction over streams of data",
            "homepage": "http://guzzlephp.org/",
            "keywords": [
                "Guzzle",
                "stream"
            ],
            "time": "2014-10-12 19:18:40"
        },
        {
            "name": "ongr/elasticsearch-dsl",
            "version": "v2.2.0",
            "source": {
                "type": "git",
                "url": "https://github.com/ongr-io/ElasticsearchDSL.git",
                "reference": "6edab656c86c1ba27b2cfdf54215f28e348aaa6b"
            },
            "dist": {
                "type": "zip",
                "url": "https://api.github.com/repos/ongr-io/ElasticsearchDSL/zipball/6edab656c86c1ba27b2cfdf54215f28e348aaa6b",
                "reference": "6edab656c86c1ba27b2cfdf54215f28e348aaa6b",
                "shasum": ""
            },
            "require": {
                "php": ">=5.4",
                "symfony/serializer": "~2.7|~3.0"
            },
            "require-dev": {
                "elasticsearch/elasticsearch": "~5.0",
                "phpunit/phpunit": "~4.4",
                "satooshi/php-coveralls": "~0.7",
                "squizlabs/php_codesniffer": "~2.0"
            },
            "type": "library",
            "extra": {
                "branch-alias": {
                    "dev-master": "2.0-dev"
                }
            },
            "autoload": {
                "psr-4": {
                    "ONGR\\ElasticsearchDSL\\": "src/"
                }
            },
            "notification-url": "https://packagist.org/downloads/",
            "license": [
                "MIT"
            ],
            "authors": [
                {
                    "name": "ONGR team",
                    "homepage": "http://www.ongr.io"
                }
            ],
            "description": "Elasticsearch DSL library",
            "homepage": "http://ongr.io",
            "time": "2016-11-11 09:29:27"
        },
        {
            "name": "psr/log",
            "version": "1.0.2",
            "source": {
                "type": "git",
                "url": "https://github.com/php-fig/log.git",
                "reference": "4ebe3a8bf773a19edfe0a84b6585ba3d401b724d"
            },
            "dist": {
                "type": "zip",
                "url": "https://api.github.com/repos/php-fig/log/zipball/4ebe3a8bf773a19edfe0a84b6585ba3d401b724d",
                "reference": "4ebe3a8bf773a19edfe0a84b6585ba3d401b724d",
                "shasum": ""
            },
            "require": {
                "php": ">=5.3.0"
            },
            "type": "library",
            "extra": {
                "branch-alias": {
                    "dev-master": "1.0.x-dev"
                }
            },
            "autoload": {
                "psr-4": {
                    "Psr\\Log\\": "Psr/Log/"
                }
            },
            "notification-url": "https://packagist.org/downloads/",
            "license": [
                "MIT"
            ],
            "authors": [
                {
                    "name": "PHP-FIG",
                    "homepage": "http://www.php-fig.org/"
                }
            ],
            "description": "Common interface for logging libraries",
            "homepage": "https://github.com/php-fig/log",
            "keywords": [
                "log",
                "psr",
                "psr-3"
            ],
            "time": "2016-10-10 12:19:37"
        },
        {
            "name": "react/promise",
            "version": "v2.4.1",
            "source": {
                "type": "git",
                "url": "https://github.com/reactphp/promise.git",
                "reference": "8025426794f1944de806618671d4fa476dc7626f"
            },
            "dist": {
                "type": "zip",
                "url": "https://api.github.com/repos/reactphp/promise/zipball/8025426794f1944de806618671d4fa476dc7626f",
                "reference": "8025426794f1944de806618671d4fa476dc7626f",
                "shasum": ""
            },
            "require": {
                "php": ">=5.4.0"
            },
            "type": "library",
            "extra": {
                "branch-alias": {
                    "dev-master": "2.0-dev"
                }
            },
            "autoload": {
                "psr-4": {
                    "React\\Promise\\": "src/"
                },
                "files": [
                    "src/functions_include.php"
                ]
            },
            "notification-url": "https://packagist.org/downloads/",
            "license": [
                "MIT"
            ],
            "authors": [
                {
                    "name": "Jan Sorgalla",
                    "email": "jsorgalla@gmail.com"
                }
            ],
            "description": "A lightweight implementation of CommonJS Promises/A for PHP",
            "time": "2016-05-03 17:50:52"
        },
        {
            "name": "seinopsys/postgresql-database-class",
            "version": "dev-master",
            "source": {
                "type": "git",
                "url": "https://github.com/SeinopSys/PHP-PostgreSQL-Database-Class.git",
                "reference": "135125ccd027bbadd33d9cb9d2e2acdf5c11dc4c"
            },
            "dist": {
                "type": "zip",
                "url": "https://api.github.com/repos/SeinopSys/PHP-PostgreSQL-Database-Class/zipball/135125ccd027bbadd33d9cb9d2e2acdf5c11dc4c",
                "reference": "135125ccd027bbadd33d9cb9d2e2acdf5c11dc4c",
                "shasum": ""
            },
            "require": {
                "php": ">=5.6.0"
            },
            "type": "library",
            "autoload": {
                "files": [
                    "PostgresDb.php"
                ]
            },
            "notification-url": "https://packagist.org/downloads/",
            "license": [
                "GPL-3.0"
            ],
            "authors": [
                {
                    "name": "SeinopSys",
                    "email": "seinopsys@gmail.com",
                    "homepage": "https://github.com/SeinopSys",
                    "role": "Developer"
                }
            ],
            "description": "PHP wrapper class for PDO-based interaction with PostgreSQL databases, heavily based on joshcam/mysqli-database-class",
            "time": "2016-11-26 16:55:48"
        },
        {
            "name": "symfony/serializer",
            "version": "v3.2.0",
            "source": {
                "type": "git",
                "url": "https://github.com/symfony/serializer.git",
                "reference": "e27793be16a9ff743b5147352b5acfdb8898d0f3"
            },
            "dist": {
                "type": "zip",
                "url": "https://api.github.com/repos/symfony/serializer/zipball/e27793be16a9ff743b5147352b5acfdb8898d0f3",
                "reference": "e27793be16a9ff743b5147352b5acfdb8898d0f3",
                "shasum": ""
            },
            "require": {
                "php": ">=5.5.9"
            },
            "conflict": {
                "symfony/property-access": ">=3.0,<3.0.4|>=2.8,<2.8.4",
                "symfony/yaml": "<3.1"
            },
            "require-dev": {
                "doctrine/annotations": "~1.0",
                "doctrine/cache": "~1.0",
                "phpdocumentor/reflection-docblock": "~3.0",
                "symfony/cache": "~3.1",
                "symfony/config": "~2.8|~3.0",
                "symfony/http-foundation": "~2.8|~3.0",
                "symfony/property-access": "~2.8|~3.0",
                "symfony/property-info": "~3.1",
                "symfony/yaml": "~3.1"
            },
            "suggest": {
                "doctrine/annotations": "For using the annotation mapping. You will also need doctrine/cache.",
                "doctrine/cache": "For using the default cached annotation reader and metadata cache.",
                "psr/cache-implementation": "For using the metadata cache.",
                "symfony/config": "For using the XML mapping loader.",
                "symfony/http-foundation": "To use the DataUriNormalizer.",
                "symfony/property-access": "For using the ObjectNormalizer.",
                "symfony/property-info": "To deserialize relations.",
                "symfony/yaml": "For using the default YAML mapping loader."
            },
            "type": "library",
            "extra": {
                "branch-alias": {
                    "dev-master": "3.2-dev"
                }
            },
            "autoload": {
                "psr-4": {
                    "Symfony\\Component\\Serializer\\": ""
                },
                "exclude-from-classmap": [
                    "/Tests/"
                ]
            },
            "notification-url": "https://packagist.org/downloads/",
            "license": [
                "MIT"
            ],
            "authors": [
                {
                    "name": "Fabien Potencier",
                    "email": "fabien@symfony.com"
                },
                {
                    "name": "Symfony Community",
                    "homepage": "https://symfony.com/contributors"
                }
            ],
            "description": "Symfony Serializer Component",
            "homepage": "https://symfony.com",
            "time": "2016-11-29 11:12:32"
        },
        {
            "name": "wisembly/elephant.io",
            "version": "v3.2.0",
            "source": {
                "type": "git",
                "url": "https://github.com/Wisembly/elephant.io.git",
                "reference": "e08dfbf261b759e76ebe403aeed0e4a50b613c7e"
            },
            "dist": {
                "type": "zip",
                "url": "https://api.github.com/repos/Wisembly/elephant.io/zipball/e08dfbf261b759e76ebe403aeed0e4a50b613c7e",
                "reference": "e08dfbf261b759e76ebe403aeed0e4a50b613c7e",
                "shasum": ""
            },
            "require": {
                "php": ">=5.4.0",
                "psr/log": "~1.0"
            },
            "require-dev": {
                "phpunit/phpunit": "~4.0"
            },
            "type": "library",
            "autoload": {
                "psr-4": {
                    "ElephantIO\\": [
                        "src/",
                        "test/"
                    ]
                }
            },
            "notification-url": "https://packagist.org/downloads/",
            "license": [
                "MIT"
            ],
            "authors": [
                {
                    "name": "Baptiste Clavié",
                    "email": "baptiste@wisembly.com",
                    "homepage": "http://baptiste.xn--clavi-fsa.net/",
                    "role": "Maintainer"
                },
                {
                    "name": "Guillaume Potier",
                    "email": "guillaume@wisembly.com",
                    "role": "Maintainer"
                },
                {
                    "name": "Ludovic Barreca",
                    "email": "ludogp2@gmail.com",
                    "role": "Project Founder"
                },
                {
                    "name": "Elephant.IO Community",
                    "role": "Contributors :)"
                }
            ],
            "description": "Send events to a websocket real time engine though PHP",
            "homepage": "http://elephant.io",
            "keywords": [
                "dialog",
                "nodejs",
                "real time",
                "websocket"
            ],
            "time": "2016-10-25 07:52:01"
        }
    ],
    "packages-dev": [],
    "aliases": [],
    "minimum-stability": "stable",
    "stability-flags": {
        "seinopsys/postgresql-database-class": 20
    },
    "prefer-stable": false,
    "prefer-lowest": false,
    "platform": [],
    "platform-dev": []
}
