{
    "_readme": [
        "This file locks the dependencies of your project to a known state",
        "Read more about it at https://getcomposer.org/doc/01-basic-usage.md#composer-lock-the-lock-file",
        "This file is @generated automatically"
    ],
    "hash": "233af9dec64e7c614ad730a669a233cf",
    "content-hash": "8943ed99d6741cbf64e0b9519608473c",
    "packages": [
        {
            "name": "cogpowered/finediff",
            "version": "0.3.1",
            "source": {
                "type": "git",
                "url": "https://github.com/cogpowered/FineDiff.git",
                "reference": "339ddc8c3afb656efed4f2f0a80e5c3d026f8ea8"
            },
            "dist": {
                "type": "zip",
                "url": "https://api.github.com/repos/cogpowered/FineDiff/zipball/339ddc8c3afb656efed4f2f0a80e5c3d026f8ea8",
                "reference": "339ddc8c3afb656efed4f2f0a80e5c3d026f8ea8",
                "shasum": ""
            },
            "require": {
                "php": ">=5.3.0"
            },
            "require-dev": {
                "mockery/mockery": "*",
                "phpunit/phpunit": "*"
            },
            "type": "library",
            "autoload": {
                "psr-0": {
                    "cogpowered\\FineDiff": "src/"
                }
            },
            "notification-url": "https://packagist.org/downloads/",
            "license": [
                "MIT"
            ],
            "authors": [
                {
                    "name": "Rob Crowe",
                    "email": "rob@cogpowered.com"
                },
                {
                    "name": "Raymond Hill"
                }
            ],
            "description": "PHP implementation of a Fine granularity Diff engine",
            "homepage": "https://github.com/cogpowered/FineDiff",
            "keywords": [
                "diff",
                "finediff",
                "opcode",
                "string",
                "text"
            ],
            "time": "2014-05-19 10:25:02"
        },
        {
            "name": "ezyang/htmlpurifier",
            "version": "v4.8.0",
            "source": {
                "type": "git",
                "url": "https://github.com/ezyang/htmlpurifier.git",
                "reference": "d0c392f77d2f2a3dcf7fcb79e2a1e2b8804e75b2"
            },
            "dist": {
                "type": "zip",
                "url": "https://api.github.com/repos/ezyang/htmlpurifier/zipball/d0c392f77d2f2a3dcf7fcb79e2a1e2b8804e75b2",
                "reference": "d0c392f77d2f2a3dcf7fcb79e2a1e2b8804e75b2",
                "shasum": ""
            },
            "require": {
                "php": ">=5.2"
            },
            "type": "library",
            "autoload": {
                "psr-0": {
                    "HTMLPurifier": "library/"
                },
                "files": [
                    "library/HTMLPurifier.composer.php"
                ]
            },
            "notification-url": "https://packagist.org/downloads/",
            "license": [
                "LGPL"
            ],
            "authors": [
                {
                    "name": "Edward Z. Yang",
                    "email": "admin@htmlpurifier.org",
                    "homepage": "http://ezyang.com"
                }
            ],
            "description": "Standards compliant HTML filter written in PHP",
            "homepage": "http://htmlpurifier.org/",
            "keywords": [
                "html"
            ],
            "time": "2016-07-16 12:58:58"
        },
        {
            "name": "fightbulc/moment",
            "version": "1.25.0",
            "source": {
                "type": "git",
                "url": "https://github.com/fightbulc/moment.php.git",
                "reference": "de8e0892fa889ae2770b52064f5b2da1b19036ae"
            },
            "dist": {
                "type": "zip",
                "url": "https://api.github.com/repos/fightbulc/moment.php/zipball/de8e0892fa889ae2770b52064f5b2da1b19036ae",
                "reference": "de8e0892fa889ae2770b52064f5b2da1b19036ae",
                "shasum": ""
            },
            "require": {
                "php": ">=5.3.0"
            },
            "require-dev": {
                "phpunit/phpunit": "4.2.*"
            },
            "type": "library",
            "autoload": {
                "psr-4": {
                    "Moment\\": "src/"
                }
            },
            "notification-url": "https://packagist.org/downloads/",
            "license": [
                "MIT"
            ],
            "authors": [
                {
                    "name": "Ashish Tilara",
                    "email": "ashish@itcutives.com",
                    "role": "developer"
                },
                {
                    "name": "Jaroslaw Kozak",
                    "email": "jaroslaw.kozak68@gmail.com",
                    "role": "developer"
                },
                {
                    "name": "Tino Ehrich",
                    "email": "tino@bigpun.me",
                    "role": "developer"
                }
            ],
            "description": "Parse, validate, manipulate, and display dates in PHP w/ i18n support. Inspired by moment.js",
            "keywords": [
                "date",
                "display",
                "format",
                "i18n",
                "locale",
                "manipulate",
                "moment",
                "parse",
                "time",
                "translation",
                "validate"
            ],
            "time": "2016-11-05 20:36:51"
        },
        {
            "name": "psr/log",
            "version": "1.0.2",
            "source": {
                "type": "git",
                "url": "https://github.com/php-fig/log.git",
                "reference": "4ebe3a8bf773a19edfe0a84b6585ba3d401b724d"
            },
            "dist": {
                "type": "zip",
                "url": "https://api.github.com/repos/php-fig/log/zipball/4ebe3a8bf773a19edfe0a84b6585ba3d401b724d",
                "reference": "4ebe3a8bf773a19edfe0a84b6585ba3d401b724d",
                "shasum": ""
            },
            "require": {
                "php": ">=5.3.0"
            },
            "type": "library",
            "extra": {
                "branch-alias": {
                    "dev-master": "1.0.x-dev"
                }
            },
            "autoload": {
                "psr-4": {
                    "Psr\\Log\\": "Psr/Log/"
                }
            },
            "notification-url": "https://packagist.org/downloads/",
            "license": [
                "MIT"
            ],
            "authors": [
                {
                    "name": "PHP-FIG",
                    "homepage": "http://www.php-fig.org/"
                }
            ],
            "description": "Common interface for logging libraries",
            "homepage": "https://github.com/php-fig/log",
            "keywords": [
                "log",
                "psr",
                "psr-3"
            ],
            "time": "2016-10-10 12:19:37"
        },
        {
            "name": "seinopsys/postgresql-database-class",
            "version": "dev-master",
            "source": {
                "type": "git",
                "url": "https://github.com/SeinopSys/PHP-PostgreSQL-Database-Class.git",
                "reference": "86164f91ee5d4b00a88193166f6e4ba9436d989b"
            },
            "dist": {
                "type": "zip",
                "url": "https://api.github.com/repos/SeinopSys/PHP-PostgreSQL-Database-Class/zipball/86164f91ee5d4b00a88193166f6e4ba9436d989b",
                "reference": "86164f91ee5d4b00a88193166f6e4ba9436d989b",
                "shasum": ""
            },
            "require": {
                "php": ">=5.6.0"
            },
            "type": "library",
            "autoload": {
                "files": [
                    "PostgresDb.php"
                ]
            },
            "notification-url": "https://packagist.org/downloads/",
            "license": [
                "GPL-3.0"
            ],
            "authors": [
                {
                    "name": "SeinopSys",
                    "email": "seinopsys@gmail.com",
                    "homepage": "https://github.com/SeinopSys",
                    "role": "Developer"
                }
            ],
            "description": "PHP wrapper class for PDO-based interaction with PostgreSQL databases, heavily based on joshcam/mysqli-database-class",
            "time": "2016-10-13 20:52:24"
        },
        {
            "name": "wisembly/elephant.io",
            "version": "v3.2.0",
            "source": {
                "type": "git",
                "url": "https://github.com/Wisembly/elephant.io.git",
                "reference": "e08dfbf261b759e76ebe403aeed0e4a50b613c7e"
            },
            "dist": {
                "type": "zip",
                "url": "https://api.github.com/repos/Wisembly/elephant.io/zipball/e08dfbf261b759e76ebe403aeed0e4a50b613c7e",
                "reference": "e08dfbf261b759e76ebe403aeed0e4a50b613c7e",
                "shasum": ""
            },
            "require": {
                "php": ">=5.4.0",
                "psr/log": "~1.0"
            },
            "require-dev": {
                "phpunit/phpunit": "~4.0"
            },
            "type": "library",
            "autoload": {
                "psr-4": {
                    "ElephantIO\\": [
                        "src/",
                        "test/"
                    ]
                }
            },
            "notification-url": "https://packagist.org/downloads/",
            "license": [
                "MIT"
            ],
            "authors": [
                {
                    "name": "Baptiste Clavié",
                    "email": "baptiste@wisembly.com",
                    "homepage": "http://baptiste.xn--clavi-fsa.net/",
                    "role": "Maintainer"
                },
                {
                    "name": "Guillaume Potier",
                    "email": "guillaume@wisembly.com",
                    "role": "Maintainer"
                },
                {
                    "name": "Ludovic Barreca",
                    "email": "ludogp2@gmail.com",
                    "role": "Project Founder"
                },
                {
                    "name": "Elephant.IO Community",
                    "role": "Contributors :)"
                }
            ],
            "description": "Send events to a websocket real time engine though PHP",
            "homepage": "http://elephant.io",
            "keywords": [
                "dialog",
                "nodejs",
                "real time",
                "websocket"
            ],
            "time": "2016-10-25 07:52:01"
        }
    ],
    "packages-dev": [],
    "aliases": [],
    "minimum-stability": "stable",
    "stability-flags": {
        "seinopsys/postgresql-database-class": 20
    },
    "prefer-stable": false,
    "prefer-lowest": false,
    "platform": [],
    "platform-dev": []
}
